
Microsoft Visual Studio Solution File, Format Version 12.00
# Visual Studio 14
VisualStudioVersion = 14.0.25420.1
MinimumVisualStudioVersion = 10.0.40219.1
Project("{FAE04EC0-301F-11D3-BF4B-00C04F79EFBC}") = "Paresh_DesaiRealtor", "Paresh_DesaiRealtor\Paresh_DesaiRealtor.csproj", "{B25A200F-F077-424A-B6FC-8EA5B70C6AC0}"
EndProject
Project("{FAE04EC0-301F-11D3-BF4B-00C04F79EFBC}") = "Cls_Property", "Cls_Property\Cls_Property.csproj", "{C0003655-DD06-4ADA-B8CB-32E86B910C88}"
EndProject
Global
	GlobalSection(SolutionConfigurationPlatforms) = preSolution
		Debug|Any CPU = Debug|Any CPU
		Release|Any CPU = Release|Any CPU
	EndGlobalSection
	GlobalSection(ProjectConfigurationPlatforms) = postSolution
		{B25A200F-F077-424A-B6FC-8EA5B70C6AC0}.Debug|Any CPU.ActiveCfg = Debug|Any CPU
		{B25A200F-F077-424A-B6FC-8EA5B70C6AC0}.Debug|Any CPU.Build.0 = Debug|Any CPU
		{B25A200F-F077-424A-B6FC-8EA5B70C6AC0}.Release|Any CPU.ActiveCfg = Release|Any CPU
		{B25A200F-F077-424A-B6FC-8EA5B70C6AC0}.Release|Any CPU.Build.0 = Release|Any CPU
		{C0003655-DD06-4ADA-B8CB-32E86B910C88}.Debug|Any CPU.ActiveCfg = Debug|Any CPU
		{C0003655-DD06-4ADA-B8CB-32E86B910C88}.Debug|Any CPU.Build.0 = Debug|Any CPU
		{C0003655-DD06-4ADA-B8CB-32E86B910C88}.Release|Any CPU.ActiveCfg = Release|Any CPU
		{C0003655-DD06-4ADA-B8CB-32E86B910C88}.Release|Any CPU.Build.0 = Release|Any CPU
	EndGlobalSection
	GlobalSection(SolutionProperties) = preSolution
		HideSolutionNode = FALSE
	EndGlobalSection
EndGlobal
